// !$*UTF8*$!
{
	archiveVersion = 1;
	classes = {
	};
	objectVersion = 55;
	objects = {

/* Begin PBXBuildFile section */
		DA04DF2928C2F9A200CD947D /* G.wav in Resources */ = {isa = PBXBuildFile; fileRef = DA04DF2228C2F9A200CD947D /* G.wav */; };
		DA04DF2A28C2F9A200CD947D /* E.wav in Resources */ = {isa = PBXBuildFile; fileRef = DA04DF2328C2F9A200CD947D /* E.wav */; };
		DA04DF2B28C2F9A200CD947D /* F.wav in Resources */ = {isa = PBXBuildFile; fileRef = DA04DF2428C2F9A200CD947D /* F.wav */; };
		DA04DF2C28C2F9A200CD947D /* C.wav in Resources */ = {isa = PBXBuildFile; fileRef = DA04DF2528C2F9A200CD947D /* C.wav */; };
		DA04DF2D28C2F9A200CD947D /* B.wav in Resources */ = {isa = PBXBuildFile; fileRef = DA04DF2628C2F9A200CD947D /* B.wav */; };
		DA04DF2E28C2F9A200CD947D /* A.wav in Resources */ = {isa = PBXBuildFile; fileRef = DA04DF2728C2F9A200CD947D /* A.wav */; };
		DA04DF2F28C2F9A200CD947D /* D.wav in Resources */ = {isa = PBXBuildFile; fileRef = DA04DF2828C2F9A200CD947D /* D.wav */; };
		DAF1F56D28C2336F002386D3 /* AppDelegate.swift in Sources */ = {isa = PBXBuildFile; fileRef = DAF1F56C28C2336F002386D3 /* AppDelegate.swift */; };
		DAF1F56F28C2336F002386D3 /* SceneDelegate.swift in Sources */ = {isa = PBXBuildFile; fileRef = DAF1F56E28C2336F002386D3 /* SceneDelegate.swift */; };
		DAF1F57128C2336F002386D3 /* ViewController.swift in Sources */ = {isa = PBXBuildFile; fileRef = DAF1F57028C2336F002386D3 /* ViewController.swift */; };
		DAF1F57428C2336F002386D3 /* Main.storyboard in Resources */ = {isa = PBXBuildFile; fileRef = DAF1F57228C2336F002386D3 /* Main.storyboard */; };
		DAF1F57628C23370002386D3 /* Assets.xcassets in Resources */ = {isa = PBXBuildFile; fileRef = DAF1F57528C23370002386D3 /* Assets.xcassets */; };
		DAF1F57928C23370002386D3 /* LaunchScreen.storyboard in Resources */ = {isa = PBXBuildFile; fileRef = DAF1F57728C23370002386D3 /* LaunchScreen.storyboard */; };
		DAF1F58428C23370002386D3 /* XylophoneTests.swift in Sources */ = {isa = PBXBuildFile; fileRef = DAF1F58328C23370002386D3 /* XylophoneTests.swift */; };
		DAF1F58E28C23370002386D3 /* XylophoneUITests.swift in Sources */ = {isa = PBXBuildFile; fileRef = DAF1F58D28C23370002386D3 /* XylophoneUITests.swift */; };
		DAF1F59028C23370002386D3 /* XylophoneUITestsLaunchTests.swift in Sources */ = {isa = PBXBuildFile; fileRef = DAF1F58F28C23370002386D3 /* XylophoneUITestsLaunchTests.swift */; };
/* End PBXBuildFile section */

/* Begin PBXContainerItemProxy section */
		DAF1F58028C23370002386D3 /* PBXContainerItemProxy */ = {
			isa = PBXContainerItemProxy;
			containerPortal = DAF1F56128C2336F002386D3 /* Project object */;
			proxyType = 1;
			remoteGlobalIDString = DAF1F56828C2336F002386D3;
			remoteInfo = Xylophone;
		};
		DAF1F58A28C23370002386D3 /* PBXContainerItemProxy */ = {
			isa = PBXContainerItemProxy;
			containerPortal = DAF1F56128C2336F002386D3 /* Project object */;
			proxyType = 1;
			remoteGlobalIDString = DAF1F56828C2336F002386D3;
			remoteInfo = Xylophone;
		};
/* End PBXContainerItemProxy section */

/* Begin PBXFileReference section */
		DA04DF2228C2F9A200CD947D /* G.wav */ = {isa = PBXFileReference; lastKnownFileType = audio.wav; path = G.wav; sourceTree = "<group>"; };
		DA04DF2328C2F9A200CD947D /* E.wav */ = {isa = PBXFileReference; lastKnownFileType = audio.wav; path = E.wav; sourceTree = "<group>"; };
		DA04DF2428C2F9A200CD947D /* F.wav */ = {isa = PBXFileReference; lastKnownFileType = audio.wav; path = F.wav; sourceTree = "<group>"; };
		DA04DF2528C2F9A200CD947D /* C.wav */ = {isa = PBXFileReference; lastKnownFileType = audio.wav; path = C.wav; sourceTree = "<group>"; };
		DA04DF2628C2F9A200CD947D /* B.wav */ = {isa = PBXFileReference; lastKnownFileType = audio.wav; path = B.wav; sourceTree = "<group>"; };
		DA04DF2728C2F9A200CD947D /* A.wav */ = {isa = PBXFileReference; lastKnownFileType = audio.wav; path = A.wav; sourceTree = "<group>"; };
		DA04DF2828C2F9A200CD947D /* D.wav */ = {isa = PBXFileReference; lastKnownFileType = audio.wav; path = D.wav; sourceTree = "<group>"; };
		DAF1F56928C2336F002386D3 /* Xylophone.app */ = {isa = PBXFileReference; explicitFileType = wrapper.application; includeInIndex = 0; path = Xylophone.app; sourceTree = BUILT_PRODUCTS_DIR; };
		DAF1F56C28C2336F002386D3 /* AppDelegate.swift */ = {isa = PBXFileReference; lastKnownFileType = sourcecode.swift; path = AppDelegate.swift; sourceTree = "<group>"; };
		DAF1F56E28C2336F002386D3 /* SceneDelegate.swift */ = {isa = PBXFileReference; lastKnownFileType = sourcecode.swift; path = SceneDelegate.swift; sourceTree = "<group>"; };
		DAF1F57028C2336F002386D3 /* ViewController.swift */ = {isa = PBXFileReference; lastKnownFileType = sourcecode.swift; path = ViewController.swift; sourceTree = "<group>"; };
		DAF1F57328C2336F002386D3 /* Base */ = {isa = PBXFileReference; lastKnownFileType = file.storyboard; name = Base; path = Base.lproj/Main.storyboard; sourceTree = "<group>"; };
		DAF1F57528C23370002386D3 /* Assets.xcassets */ = {isa = PBXFileReference; lastKnownFileType = folder.assetcatalog; path = Assets.xcassets; sourceTree = "<group>"; };
		DAF1F57828C23370002386D3 /* Base */ = {isa = PBXFileReference; lastKnownFileType = file.storyboard; name = Base; path = Base.lproj/LaunchScreen.storyboard; sourceTree = "<group>"; };
		DAF1F57A28C23370002386D3 /* Info.plist */ = {isa = PBXFileReference; lastKnownFileType = text.plist.xml; path = Info.plist; sourceTree = "<group>"; };
		DAF1F57F28C23370002386D3 /* XylophoneTests.xctest */ = {isa = PBXFileReference; explicitFileType = wrapper.cfbundle; includeInIndex = 0; path = XylophoneTests.xctest; sourceTree = BUILT_PRODUCTS_DIR; };
		DAF1F58328C23370002386D3 /* XylophoneTests.swift */ = {isa = PBXFileReference; lastKnownFileType = sourcecode.swift; path = XylophoneTests.swift; sourceTree = "<group>"; };
		DAF1F58928C23370002386D3 /* XylophoneUITests.xctest */ = {isa = PBXFileReference; explicitFileType = wrapper.cfbundle; includeInIndex = 0; path = XylophoneUITests.xctest; sourceTree = BUILT_PRODUCTS_DIR; };
		DAF1F58D28C23370002386D3 /* XylophoneUITests.swift */ = {isa = PBXFileReference; lastKnownFileType = sourcecode.swift; path = XylophoneUITests.swift; sourceTree = "<group>"; };
		DAF1F58F28C23370002386D3 /* XylophoneUITestsLaunchTests.swift */ = {isa = PBXFileReference; lastKnownFileType = sourcecode.swift; path = XylophoneUITestsLaunchTests.swift; sourceTree = "<group>"; };
/* End PBXFileReference section */

/* Begin PBXFrameworksBuildPhase section */
		DAF1F56628C2336F002386D3 /* Frameworks */ = {
			isa = PBXFrameworksBuildPhase;
			buildActionMask = 2147483647;
			files = (
			);
			runOnlyForDeploymentPostprocessing = 0;
		};
		DAF1F57C28C23370002386D3 /* Frameworks */ = {
			isa = PBXFrameworksBuildPhase;
			buildActionMask = 2147483647;
			files = (
			);
			runOnlyForDeploymentPostprocessing = 0;
		};
		DAF1F58628C23370002386D3 /* Frameworks */ = {
			isa = PBXFrameworksBuildPhase;
			buildActionMask = 2147483647;
			files = (
			);
			runOnlyForDeploymentPostprocessing = 0;
		};
/* End PBXFrameworksBuildPhase section */

/* Begin PBXGroup section */
		DA04DF2128C2F97900CD947D /* Sounds */ = {
			isa = PBXGroup;
			children = (
				DA04DF2728C2F9A200CD947D /* A.wav */,
				DA04DF2628C2F9A200CD947D /* B.wav */,
				DA04DF2528C2F9A200CD947D /* C.wav */,
				DA04DF2828C2F9A200CD947D /* D.wav */,
				DA04DF2328C2F9A200CD947D /* E.wav */,
				DA04DF2428C2F9A200CD947D /* F.wav */,
				DA04DF2228C2F9A200CD947D /* G.wav */,
			);
			path = Sounds;
			sourceTree = "<group>";
		};
		DAF1F56028C2336F002386D3 = {
			isa = PBXGroup;
			children = (
				DAF1F56B28C2336F002386D3 /* Xylophone */,
				DAF1F58228C23370002386D3 /* XylophoneTests */,
				DAF1F58C28C23370002386D3 /* XylophoneUITests */,
				DAF1F56A28C2336F002386D3 /* Products */,
			);
			sourceTree = "<group>";
		};
		DAF1F56A28C2336F002386D3 /* Products */ = {
			isa = PBXGroup;
			children = (
				DAF1F56928C2336F002386D3 /* Xylophone.app */,
				DAF1F57F28C23370002386D3 /* XylophoneTests.xctest */,
				DAF1F58928C23370002386D3 /* XylophoneUITests.xctest */,
			);
			name = Products;
			sourceTree = "<group>";
		};
		DAF1F56B28C2336F002386D3 /* Xylophone */ = {
			isa = PBXGroup;
			children = (
				DA04DF2128C2F97900CD947D /* Sounds */,
				DAF1F56C28C2336F002386D3 /* AppDelegate.swift */,
				DAF1F56E28C2336F002386D3 /* SceneDelegate.swift */,
				DAF1F57028C2336F002386D3 /* ViewController.swift */,
				DAF1F57228C2336F002386D3 /* Main.storyboard */,
				DAF1F57528C23370002386D3 /* Assets.xcassets */,
				DAF1F57728C23370002386D3 /* LaunchScreen.storyboard */,
				DAF1F57A28C23370002386D3 /* Info.plist */,
			);
			path = Xylophone;
			sourceTree = "<group>";
		};
		DAF1F58228C23370002386D3 /* XylophoneTests */ = {
			isa = PBXGroup;
			children = (
				DAF1F58328C23370002386D3 /* XylophoneTests.swift */,
			);
			path = XylophoneTests;
			sourceTree = "<group>";
		};
		DAF1F58C28C23370002386D3 /* XylophoneUITests */ = {
			isa = PBXGroup;
			children = (
				DAF1F58D28C23370002386D3 /* XylophoneUITests.swift */,
				DAF1F58F28C23370002386D3 /* XylophoneUITestsLaunchTests.swift */,
			);
			path = XylophoneUITests;
			sourceTree = "<group>";
		};
/* End PBXGroup section */

/* Begin PBXNativeTarget section */
		DAF1F56828C2336F002386D3 /* Xylophone */ = {
			isa = PBXNativeTarget;
			buildConfigurationList = DAF1F59328C23370002386D3 /* Build configuration list for PBXNativeTarget "Xylophone" */;
			buildPhases = (
				DAF1F56528C2336F002386D3 /* Sources */,
				DAF1F56628C2336F002386D3 /* Frameworks */,
				DAF1F56728C2336F002386D3 /* Resources */,
			);
			buildRules = (
			);
			dependencies = (
			);
			name = Xylophone;
			productName = Xylophone;
			productReference = DAF1F56928C2336F002386D3 /* Xylophone.app */;
			productType = "com.apple.product-type.application";
		};
		DAF1F57E28C23370002386D3 /* XylophoneTests */ = {
			isa = PBXNativeTarget;
			buildConfigurationList = DAF1F59628C23370002386D3 /* Build configuration list for PBXNativeTarget "XylophoneTests" */;
			buildPhases = (
				DAF1F57B28C23370002386D3 /* Sources */,
				DAF1F57C28C23370002386D3 /* Frameworks */,
				DAF1F57D28C23370002386D3 /* Resources */,
			);
			buildRules = (
			);
			dependencies = (
				DAF1F58128C23370002386D3 /* PBXTargetDependency */,
			);
			name = XylophoneTests;
			productName = XylophoneTests;
			productReference = DAF1F57F28C23370002386D3 /* XylophoneTests.xctest */;
			productType = "com.apple.product-type.bundle.unit-test";
		};
		DAF1F58828C23370002386D3 /* XylophoneUITests */ = {
			isa = PBXNativeTarget;
			buildConfigurationList = DAF1F59928C23370002386D3 /* Build configuration list for PBXNativeTarget "XylophoneUITests" */;
			buildPhases = (
				DAF1F58528C23370002386D3 /* Sources */,
				DAF1F58628C23370002386D3 /* Frameworks */,
				DAF1F58728C23370002386D3 /* Resources */,
			);
			buildRules = (
			);
			dependencies = (
				DAF1F58B28C23370002386D3 /* PBXTargetDependency */,
			);
			name = XylophoneUITests;
			productName = XylophoneUITests;
			productReference = DAF1F58928C23370002386D3 /* XylophoneUITests.xctest */;
			productType = "com.apple.product-type.bundle.ui-testing";
		};
/* End PBXNativeTarget section */

/* Begin PBXProject section */
		DAF1F56128C2336F002386D3 /* Project object */ = {
			isa = PBXProject;
			attributes = {
				BuildIndependentTargetsInParallel = 1;
				LastSwiftUpdateCheck = 1340;
				LastUpgradeCheck = 1340;
				TargetAttributes = {
					DAF1F56828C2336F002386D3 = {
						CreatedOnToolsVersion = 13.4.1;
					};
					DAF1F57E28C23370002386D3 = {
						CreatedOnToolsVersion = 13.4.1;
						TestTargetID = DAF1F56828C2336F002386D3;
					};
					DAF1F58828C23370002386D3 = {
						CreatedOnToolsVersion = 13.4.1;
						TestTargetID = DAF1F56828C2336F002386D3;
					};
				};
			};
			buildConfigurationList = DAF1F56428C2336F002386D3 /* Build configuration list for PBXProject "Xylophone" */;
			compatibilityVersion = "Xcode 13.0";
			developmentRegion = en;
			hasScannedForEncodings = 0;
			knownRegions = (
				en,
				Base,
			);
			mainGroup = DAF1F56028C2336F002386D3;
			productRefGroup = DAF1F56A28C2336F002386D3 /* Products */;
			projectDirPath = "";
			projectRoot = "";
			targets = (
				DAF1F56828C2336F002386D3 /* Xylophone */,
				DAF1F57E28C23370002386D3 /* XylophoneTests */,
				DAF1F58828C23370002386D3 /* XylophoneUITests */,
			);
		};
/* End PBXProject section */

/* Begin PBXResourcesBuildPhase section */
		DAF1F56728C2336F002386D3 /* Resources */ = {
			isa = PBXResourcesBuildPhase;
			buildActionMask = 2147483647;
			files = (
				DA04DF2E28C2F9A200CD947D /* A.wav in Resources */,
				DA04DF2A28C2F9A200CD947D /* E.wav in Resources */,
				DA04DF2928C2F9A200CD947D /* G.wav in Resources */,
				DAF1F57928C23370002386D3 /* LaunchScreen.storyboard in Resources */,
				DA04DF2D28C2F9A200CD947D /* B.wav in Resources */,
				DA04DF2B28C2F9A200CD947D /* F.wav in Resources */,
				DAF1F57628C23370002386D3 /* Assets.xcassets in Resources */,
				DA04DF2F28C2F9A200CD947D /* D.wav in Resources */,
				DAF1F57428C2336F002386D3 /* Main.storyboard in Resources */,
				DA04DF2C28C2F9A200CD947D /* C.wav in Resources */,
			);
			runOnlyForDeploymentPostprocessing = 0;
		};
		DAF1F57D28C23370002386D3 /* Resources */ = {
			isa = PBXResourcesBuildPhase;
			buildActionMask = 2147483647;
			files = (
			);
			runOnlyForDeploymentPostprocessing = 0;
		};
		DAF1F58728C23370002386D3 /* Resources */ = {
			isa = PBXResourcesBuildPhase;
			buildActionMask = 2147483647;
			files = (
			);
			runOnlyForDeploymentPostprocessing = 0;
		};
/* End PBXResourcesBuildPhase section */

/* Begin PBXSourcesBuildPhase section */
		DAF1F56528C2336F002386D3 /* Sources */ = {
			isa = PBXSourcesBuildPhase;
			buildActionMask = 2147483647;
			files = (
				DAF1F57128C2336F002386D3 /* ViewController.swift in Sources */,
				DAF1F56D28C2336F002386D3 /* AppDelegate.swift in Sources */,
				DAF1F56F28C2336F002386D3 /* SceneDelegate.swift in Sources */,
			);
			runOnlyForDeploymentPostprocessing = 0;
		};
		DAF1F57B28C23370002386D3 /* Sources */ = {
			isa = PBXSourcesBuildPhase;
			buildActionMask = 2147483647;
			files = (
				DAF1F58428C23370002386D3 /* XylophoneTests.swift in Sources */,
			);
			runOnlyForDeploymentPostprocessing = 0;
		};
		DAF1F58528C23370002386D3 /* Sources */ = {
			isa = PBXSourcesBuildPhase;
			buildActionMask = 2147483647;
			files = (
				DAF1F58E28C23370002386D3 /* XylophoneUITests.swift in Sources */,
				DAF1F59028C23370002386D3 /* XylophoneUITestsLaunchTests.swift in Sources */,
			);
			runOnlyForDeploymentPostprocessing = 0;
		};
/* End PBXSourcesBuildPhase section */

/* Begin PBXTargetDependency section */
		DAF1F58128C23370002386D3 /* PBXTargetDependency */ = {
			isa = PBXTargetDependency;
			target = DAF1F56828C2336F002386D3 /* Xylophone */;
			targetProxy = DAF1F58028C23370002386D3 /* PBXContainerItemProxy */;
		};
		DAF1F58B28C23370002386D3 /* PBXTargetDependency */ = {
			isa = PBXTargetDependency;
			target = DAF1F56828C2336F002386D3 /* Xylophone */;
			targetProxy = DAF1F58A28C23370002386D3 /* PBXContainerItemProxy */;
		};
/* End PBXTargetDependency section */

/* Begin PBXVariantGroup section */
		DAF1F57228C2336F002386D3 /* Main.storyboard */ = {
			isa = PBXVariantGroup;
			children = (
				DAF1F57328C2336F002386D3 /* Base */,
			);
			name = Main.storyboard;
			sourceTree = "<group>";
		};
		DAF1F57728C23370002386D3 /* LaunchScreen.storyboard */ = {
			isa = PBXVariantGroup;
			children = (
				DAF1F57828C23370002386D3 /* Base */,
			);
			name = LaunchScreen.storyboard;
			sourceTree = "<group>";
		};
/* End PBXVariantGroup section */

/* Begin XCBuildConfiguration section */
		DAF1F59128C23370002386D3 /* Debug */ = {
			isa = XCBuildConfiguration;
			buildSettings = {
				ALWAYS_SEARCH_USER_PATHS = NO;
				CLANG_ANALYZER_NONNULL = YES;
				CLANG_ANALYZER_NUMBER_OBJECT_CONVERSION = YES_AGGRESSIVE;
				CLANG_CXX_LANGUAGE_STANDARD = "gnu++17";
				CLANG_ENABLE_MODULES = YES;
				CLANG_ENABLE_OBJC_ARC = YES;
				CLANG_ENABLE_OBJC_WEAK = YES;
				CLANG_WARN_BLOCK_CAPTURE_AUTORELEASING = YES;
				CLANG_WARN_BOOL_CONVERSION = YES;
				CLANG_WARN_COMMA = YES;
				CLANG_WARN_CONSTANT_CONVERSION = YES;
				CLANG_WARN_DEPRECATED_OBJC_IMPLEMENTATIONS = YES;
				CLANG_WARN_DIRECT_OBJC_ISA_USAGE = YES_ERROR;
				CLANG_WARN_DOCUMENTATION_COMMENTS = YES;
				CLANG_WARN_EMPTY_BODY = YES;
				CLANG_WARN_ENUM_CONVERSION = YES;
				CLANG_WARN_INFINITE_RECURSION = YES;
				CLANG_WARN_INT_CONVERSION = YES;
				CLANG_WARN_NON_LITERAL_NULL_CONVERSION = YES;
				CLANG_WARN_OBJC_IMPLICIT_RETAIN_SELF = YES;
				CLANG_WARN_OBJC_LITERAL_CONVERSION = YES;
				CLANG_WARN_OBJC_ROOT_CLASS = YES_ERROR;
				CLANG_WARN_QUOTED_INCLUDE_IN_FRAMEWORK_HEADER = YES;
				CLANG_WARN_RANGE_LOOP_ANALYSIS = YES;
				CLANG_WARN_STRICT_PROTOTYPES = YES;
				CLANG_WARN_SUSPICIOUS_MOVE = YES;
				CLANG_WARN_UNGUARDED_AVAILABILITY = YES_AGGRESSIVE;
				CLANG_WARN_UNREACHABLE_CODE = YES;
				CLANG_WARN__DUPLICATE_METHOD_MATCH = YES;
				COPY_PHASE_STRIP = NO;
				DEBUG_INFORMATION_FORMAT = dwarf;
				ENABLE_STRICT_OBJC_MSGSEND = YES;
				ENABLE_TESTABILITY = YES;
				GCC_C_LANGUAGE_STANDARD = gnu11;
				GCC_DYNAMIC_NO_PIC = NO;
				GCC_NO_COMMON_BLOCKS = YES;
				GCC_OPTIMIZATION_LEVEL = 0;
				GCC_PREPROCESSOR_DEFINITIONS = (
					"DEBUG=1",
					"$(inherited)",
				);
				GCC_WARN_64_TO_32_BIT_CONVERSION = YES;
				GCC_WARN_ABOUT_RETURN_TYPE = YES_ERROR;
				GCC_WARN_UNDECLARED_SELECTOR = YES;
				GCC_WARN_UNINITIALIZED_AUTOS = YES_AGGRESSIVE;
				GCC_WARN_UNUSED_FUNCTION = YES;
				GCC_WARN_UNUSED_VARIABLE = YES;
				IPHONEOS_DEPLOYMENT_TARGET = 15.5;
				MTL_ENABLE_DEBUG_INFO = INCLUDE_SOURCE;
				MTL_FAST_MATH = YES;
				ONLY_ACTIVE_ARCH = YES;
				SDKROOT = iphoneos;
				SWIFT_ACTIVE_COMPILATION_CONDITIONS = DEBUG;
				SWIFT_OPTIMIZATION_LEVEL = "-Onone";
			};
			name = Debug;
		};
		DAF1F59228C23370002386D3 /* Release */ = {
			isa = XCBuildConfiguration;
			buildSettings = {
				ALWAYS_SEARCH_USER_PATHS = NO;
				CLANG_ANALYZER_NONNULL = YES;
				CLANG_ANALYZER_NUMBER_OBJECT_CONVERSION = YES_AGGRESSIVE;
				CLANG_CXX_LANGUAGE_STANDARD = "gnu++17";
				CLANG_ENABLE_MODULES = YES;
				CLANG_ENABLE_OBJC_ARC = YES;
				CLANG_ENABLE_OBJC_WEAK = YES;
				CLANG_WARN_BLOCK_CAPTURE_AUTORELEASING = YES;
				CLANG_WARN_BOOL_CONVERSION = YES;
				CLANG_WARN_COMMA = YES;
				CLANG_WARN_CONSTANT_CONVERSION = YES;
				CLANG_WARN_DEPRECATED_OBJC_IMPLEMENTATIONS = YES;
				CLANG_WARN_DIRECT_OBJC_ISA_USAGE = YES_ERROR;
				CLANG_WARN_DOCUMENTATION_COMMENTS = YES;
				CLANG_WARN_EMPTY_BODY = YES;
				CLANG_WARN_ENUM_CONVERSION = YES;
				CLANG_WARN_INFINITE_RECURSION = YES;
				CLANG_WARN_INT_CONVERSION = YES;
				CLANG_WARN_NON_LITERAL_NULL_CONVERSION = YES;
				CLANG_WARN_OBJC_IMPLICIT_RETAIN_SELF = YES;
				CLANG_WARN_OBJC_LITERAL_CONVERSION = YES;
				CLANG_WARN_OBJC_ROOT_CLASS = YES_ERROR;
				CLANG_WARN_QUOTED_INCLUDE_IN_FRAMEWORK_HEADER = YES;
				CLANG_WARN_RANGE_LOOP_ANALYSIS = YES;
				CLANG_WARN_STRICT_PROTOTYPES = YES;
				CLANG_WARN_SUSPICIOUS_MOVE = YES;
				CLANG_WARN_UNGUARDED_AVAILABILITY = YES_AGGRESSIVE;
				CLANG_WARN_UNREACHABLE_CODE = YES;
				CLANG_WARN__DUPLICATE_METHOD_MATCH = YES;
				COPY_PHASE_STRIP = NO;
				DEBUG_INFORMATION_FORMAT = "dwarf-with-dsym";
				ENABLE_NS_ASSERTIONS = NO;
				ENABLE_STRICT_OBJC_MSGSEND = YES;
				GCC_C_LANGUAGE_STANDARD = gnu11;
				GCC_NO_COMMON_BLOCKS = YES;
				GCC_WARN_64_TO_32_BIT_CONVERSION = YES;
				GCC_WARN_ABOUT_RETURN_TYPE = YES_ERROR;
				GCC_WARN_UNDECLARED_SELECTOR = YES;
				GCC_WARN_UNINITIALIZED_AUTOS = YES_AGGRESSIVE;
				GCC_WARN_UNUSED_FUNCTION = YES;
				GCC_WARN_UNUSED_VARIABLE = YES;
				IPHONEOS_DEPLOYMENT_TARGET = 15.5;
				MTL_ENABLE_DEBUG_INFO = NO;
				MTL_FAST_MATH = YES;
				SDKROOT = iphoneos;
				SWIFT_COMPILATION_MODE = wholemodule;
				SWIFT_OPTIMIZATION_LEVEL = "-O";
				VALIDATE_PRODUCT = YES;
			};
			name = Release;
		};
		DAF1F59428C23370002386D3 /* Debug */ = {
			isa = XCBuildConfiguration;
			buildSettings = {
				ASSETCATALOG_COMPILER_APPICON_NAME = AppIcon;
				ASSETCATALOG_COMPILER_GLOBAL_ACCENT_COLOR_NAME = AccentColor;
				CODE_SIGN_STYLE = Automatic;
				CURRENT_PROJECT_VERSION = 1;
				DEVELOPMENT_TEAM = YZA682M29P;
				GENERATE_INFOPLIST_FILE = YES;
				INFOPLIST_FILE = Xylophone/Info.plist;
				INFOPLIST_KEY_UIApplicationSupportsIndirectInputEvents = YES;
				INFOPLIST_KEY_UILaunchStoryboardName = LaunchScreen;
				INFOPLIST_KEY_UIMainStoryboardFile = Main;
				INFOPLIST_KEY_UISupportedInterfaceOrientations_iPad = "UIInterfaceOrientationPortrait UIInterfaceOrientationPortraitUpsideDown UIInterfaceOrientationLandscapeLeft UIInterfaceOrientationLandscapeRight";
				INFOPLIST_KEY_UISupportedInterfaceOrientations_iPhone = "UIInterfaceOrientationPortrait UIInterfaceOrientationLandscapeLeft UIInterfaceOrientationLandscapeRight";
				LD_RUNPATH_SEARCH_PATHS = (
					"$(inherited)",
					"@executable_path/Frameworks",
				);
				MARKETING_VERSION = 1.0;
				PRODUCT_BUNDLE_IDENTIFIER = maiLeano.Xylophone;
				PRODUCT_NAME = "$(TARGET_NAME)";
				SWIFT_EMIT_LOC_STRINGS = YES;
				SWIFT_VERSION = 5.0;
				TARGETED_DEVICE_FAMILY = "1,2";
			};
			name = Debug;
		};
		DAF1F59528C23370002386D3 /* Release */ = {
			isa = XCBuildConfiguration;
			buildSettings = {
				ASSETCATALOG_COMPILER_APPICON_NAME = AppIcon;
				ASSETCATALOG_COMPILER_GLOBAL_ACCENT_COLOR_NAME = AccentColor;
				CODE_SIGN_STYLE = Automatic;
				CURRENT_PROJECT_VERSION = 1;
				DEVELOPMENT_TEAM = YZA682M29P;
				GENERATE_INFOPLIST_FILE = YES;
				INFOPLIST_FILE = Xylophone/Info.plist;
				INFOPLIST_KEY_UIApplicationSupportsIndirectInputEvents = YES;
				INFOPLIST_KEY_UILaunchStoryboardName = LaunchScreen;
				INFOPLIST_KEY_UIMainStoryboardFile = Main;
				INFOPLIST_KEY_UISupportedInterfaceOrientations_iPad = "UIInterfaceOrientationPortrait UIInterfaceOrientationPortraitUpsideDown UIInterfaceOrientationLandscapeLeft UIInterfaceOrientationLandscapeRight";
				INFOPLIST_KEY_UISupportedInterfaceOrientations_iPhone = "UIInterfaceOrientationPortrait UIInterfaceOrientationLandscapeLeft UIInterfaceOrientationLandscapeRight";
				LD_RUNPATH_SEARCH_PATHS = (
					"$(inherited)",
					"@executable_path/Frameworks",
				);
				MARKETING_VERSION = 1.0;
				PRODUCT_BUNDLE_IDENTIFIER = maiLeano.Xylophone;
				PRODUCT_NAME = "$(TARGET_NAME)";
				SWIFT_EMIT_LOC_STRINGS = YES;
				SWIFT_VERSION = 5.0;
				TARGETED_DEVICE_FAMILY = "1,2";
			};
			name = Release;
		};
		DAF1F59728C23370002386D3 /* Debug */ = {
			isa = XCBuildConfiguration;
			buildSettings = {
				ALWAYS_EMBED_SWIFT_STANDARD_LIBRARIES = YES;
				BUNDLE_LOADER = "$(TEST_HOST)";
				CODE_SIGN_STYLE = Automatic;
				CURRENT_PROJECT_VERSION = 1;
				DEVELOPMENT_TEAM = YZA682M29P;
				GENERATE_INFOPLIST_FILE = YES;
				IPHONEOS_DEPLOYMENT_TARGET = 15.5;
				MARKETING_VERSION = 1.0;
				PRODUCT_BUNDLE_IDENTIFIER = maiLeano.XylophoneTests;
				PRODUCT_NAME = "$(TARGET_NAME)";
				SWIFT_EMIT_LOC_STRINGS = NO;
				SWIFT_VERSION = 5.0;
				TARGETED_DEVICE_FAMILY = "1,2";
				TEST_HOST = "$(BUILT_PRODUCTS_DIR)/Xylophone.app/Xylophone";
			};
			name = Debug;
		};
		DAF1F59828C23370002386D3 /* Release */ = {
			isa = XCBuildConfiguration;
			buildSettings = {
				ALWAYS_EMBED_SWIFT_STANDARD_LIBRARIES = YES;
				BUNDLE_LOADER = "$(TEST_HOST)";
				CODE_SIGN_STYLE = Automatic;
				CURRENT_PROJECT_VERSION = 1;
				DEVELOPMENT_TEAM = YZA682M29P;
				GENERATE_INFOPLIST_FILE = YES;
				IPHONEOS_DEPLOYMENT_TARGET = 15.5;
				MARKETING_VERSION = 1.0;
				PRODUCT_BUNDLE_IDENTIFIER = maiLeano.XylophoneTests;
				PRODUCT_NAME = "$(TARGET_NAME)";
				SWIFT_EMIT_LOC_STRINGS = NO;
				SWIFT_VERSION = 5.0;
				TARGETED_DEVICE_FAMILY = "1,2";
				TEST_HOST = "$(BUILT_PRODUCTS_DIR)/Xylophone.app/Xylophone";
			};
			name = Release;
		};
		DAF1F59A28C23370002386D3 /* Debug */ = {
			isa = XCBuildConfiguration;
			buildSettings = {
				ALWAYS_EMBED_SWIFT_STANDARD_LIBRARIES = YES;
				CODE_SIGN_STYLE = Automatic;
				CURRENT_PROJECT_VERSION = 1;
				DEVELOPMENT_TEAM = YZA682M29P;
				GENERATE_INFOPLIST_FILE = YES;
				MARKETING_VERSION = 1.0;
				PRODUCT_BUNDLE_IDENTIFIER = maiLeano.XylophoneUITests;
				PRODUCT_NAME = "$(TARGET_NAME)";
				SWIFT_EMIT_LOC_STRINGS = NO;
				SWIFT_VERSION = 5.0;
				TARGETED_DEVICE_FAMILY = "1,2";
				TEST_TARGET_NAME = Xylophone;
			};
			name = Debug;
		};
		DAF1F59B28C23370002386D3 /* Release */ = {
			isa = XCBuildConfiguration;
			buildSettings = {
				ALWAYS_EMBED_SWIFT_STANDARD_LIBRARIES = YES;
				CODE_SIGN_STYLE = Automatic;
				CURRENT_PROJECT_VERSION = 1;
				DEVELOPMENT_TEAM = YZA682M29P;
				GENERATE_INFOPLIST_FILE = YES;
				MARKETING_VERSION = 1.0;
				PRODUCT_BUNDLE_IDENTIFIER = maiLeano.XylophoneUITests;
				PRODUCT_NAME = "$(TARGET_NAME)";
				SWIFT_EMIT_LOC_STRINGS = NO;
				SWIFT_VERSION = 5.0;
				TARGETED_DEVICE_FAMILY = "1,2";
				TEST_TARGET_NAME = Xylophone;
			};
			name = Release;
		};
/* End XCBuildConfiguration section */

/* Begin XCConfigurationList section */
		DAF1F56428C2336F002386D3 /* Build configuration list for PBXProject "Xylophone" */ = {
			isa = XCConfigurationList;
			buildConfigurations = (
				DAF1F59128C23370002386D3 /* Debug */,
				DAF1F59228C23370002386D3 /* Release */,
			);
			defaultConfigurationIsVisible = 0;
			defaultConfigurationName = Release;
		};
		DAF1F59328C23370002386D3 /* Build configuration list for PBXNativeTarget "Xylophone" */ = {
			isa = XCConfigurationList;
			buildConfigurations = (
				DAF1F59428C23370002386D3 /* Debug */,
				DAF1F59528C23370002386D3 /* Release */,
			);
			defaultConfigurationIsVisible = 0;
			defaultConfigurationName = Release;
		};
		DAF1F59628C23370002386D3 /* Build configuration list for PBXNativeTarget "XylophoneTests" */ = {
			isa = XCConfigurationList;
			buildConfigurations = (
				DAF1F59728C23370002386D3 /* Debug */,
				DAF1F59828C23370002386D3 /* Release */,
			);
			defaultConfigurationIsVisible = 0;
			defaultConfigurationName = Release;
		};
		DAF1F59928C23370002386D3 /* Build configuration list for PBXNativeTarget "XylophoneUITests" */ = {
			isa = XCConfigurationList;
			buildConfigurations = (
				DAF1F59A28C23370002386D3 /* Debug */,
				DAF1F59B28C23370002386D3 /* Release */,
			);
			defaultConfigurationIsVisible = 0;
			defaultConfigurationName = Release;
		};
/* End XCConfigurationList section */
	};
	rootObject = DAF1F56128C2336F002386D3 /* Project object */;
}
